
Microsoft Visual Studio Solution File, Format Version 12.00
# Visual Studio Version 16
VisualStudioVersion = 16.0.30717.126
MinimumVisualStudioVersion = 10.0.40219.1
Project("{FAE04EC0-301F-11D3-BF4B-00C04F79EFBC}") = "BertoniSolutionTest", "BertoniSolutionTest\BertoniSolutionTest.csproj", "{80C6B042-7235-43B4-9DD3-49A520B19D1B}"
EndProject
Global
	GlobalSection(SolutionConfigurationPlatforms) = preSolution
		Debug|Any CPU = Debug|Any CPU
		Release|Any CPU = Release|Any CPU
	EndGlobalSection
	GlobalSection(ProjectConfigurationPlatforms) = postSolution
		{80C6B042-7235-43B4-9DD3-49A520B19D1B}.Debug|Any CPU.ActiveCfg = Debug|Any CPU
		{80C6B042-7235-43B4-9DD3-49A520B19D1B}.Debug|Any CPU.Build.0 = Debug|Any CPU
		{80C6B042-7235-43B4-9DD3-49A520B19D1B}.Release|Any CPU.ActiveCfg = Release|Any CPU
		{80C6B042-7235-43B4-9DD3-49A520B19D1B}.Release|Any CPU.Build.0 = Release|Any CPU
	EndGlobalSection
	GlobalSection(SolutionProperties) = preSolution
		HideSolutionNode = FALSE
	EndGlobalSection
	GlobalSection(ExtensibilityGlobals) = postSolution
		SolutionGuid = {A444D9EA-ECCA-4E75-97A8-5716EC9753AC}
	EndGlobalSection
EndGlobal
